// !$*UTF8*$!
{
	archiveVersion = 1;
	classes = {
	};
	objectVersion = 51;
	objects = {

/* Begin PBXBuildFile section */
		141CCA9E2415679700FB69BB /* AppDelegate.swift in Sources */ = {isa = PBXBuildFile; fileRef = 141CCA9D2415679700FB69BB /* AppDelegate.swift */; };
		141CCAA42415679900FB69BB /* Assets.xcassets in Resources */ = {isa = PBXBuildFile; fileRef = 141CCAA32415679900FB69BB /* Assets.xcassets */; };
		141CCAA72415679900FB69BB /* Preview Assets.xcassets in Resources */ = {isa = PBXBuildFile; fileRef = 141CCAA62415679900FB69BB /* Preview Assets.xcassets */; };
		141CCAAA2415679900FB69BB /* LaunchScreen.storyboard in Resources */ = {isa = PBXBuildFile; fileRef = 141CCAA82415679900FB69BB /* LaunchScreen.storyboard */; };
		141CCAB224156CD600FB69BB /* ViewController.swift in Sources */ = {isa = PBXBuildFile; fileRef = 141CCAB124156CD600FB69BB /* ViewController.swift */; };
		141CCAB724156D6500FB69BB /* Game.swift in Sources */ = {isa = PBXBuildFile; fileRef = 141CCAB624156D6500FB69BB /* Game.swift */; };
		141CCAB924156D7000FB69BB /* FireBaseModel.swift in Sources */ = {isa = PBXBuildFile; fileRef = 141CCAB824156D7000FB69BB /* FireBaseModel.swift */; };
		141CCABB24156D8700FB69BB /* Comment.swift in Sources */ = {isa = PBXBuildFile; fileRef = 141CCABA24156D8700FB69BB /* Comment.swift */; };
		141CCABD24156DC500FB69BB /* GameDetailsViewController.swift in Sources */ = {isa = PBXBuildFile; fileRef = 141CCABC24156DC500FB69BB /* GameDetailsViewController.swift */; };
		141CCABF24156DD000FB69BB /* GameTableViewController.swift in Sources */ = {isa = PBXBuildFile; fileRef = 141CCABE24156DD000FB69BB /* GameTableViewController.swift */; };
		141CCAC124156DD500FB69BB /* NewGameViewController.swift in Sources */ = {isa = PBXBuildFile; fileRef = 141CCAC024156DD500FB69BB /* NewGameViewController.swift */; };
		141CCAC324156DEA00FB69BB /* EditGameViewController.swift in Sources */ = {isa = PBXBuildFile; fileRef = 141CCAC224156DEA00FB69BB /* EditGameViewController.swift */; };
		141CCAC524156DF300FB69BB /* SearchGameViewController.swift in Sources */ = {isa = PBXBuildFile; fileRef = 141CCAC424156DF300FB69BB /* SearchGameViewController.swift */; };
		141CCAC724156E7000FB69BB /* GameRowCell.swift in Sources */ = {isa = PBXBuildFile; fileRef = 141CCAC624156E7000FB69BB /* GameRowCell.swift */; };
		141CCAC924156E7900FB69BB /* CommentRowCell.swift in Sources */ = {isa = PBXBuildFile; fileRef = 141CCAC824156E7900FB69BB /* CommentRowCell.swift */; };
		141CCAF024197DA600FB69BB /* Main.storyboard in Resources */ = {isa = PBXBuildFile; fileRef = 141CCAEF24197DA600FB69BB /* Main.storyboard */; };
		14D775812419811500B2654A /* GoogleService-Info.plist in Resources */ = {isa = PBXBuildFile; fileRef = 14D775802419811500B2654A /* GoogleService-Info.plist */; };
		6193BF0E5A2A3C2F7FF804F6 /* Pods_GG.framework in Frameworks */ = {isa = PBXBuildFile; fileRef = BFD66DFB06AB5B0DB9DD65E8 /* Pods_GG.framework */; };
/* End PBXBuildFile section */

/* Begin PBXFileReference section */
		141CCA9A2415679700FB69BB /* GG.app */ = {isa = PBXFileReference; explicitFileType = wrapper.application; includeInIndex = 0; path = GG.app; sourceTree = BUILT_PRODUCTS_DIR; };
		141CCA9D2415679700FB69BB /* AppDelegate.swift */ = {isa = PBXFileReference; lastKnownFileType = sourcecode.swift; path = AppDelegate.swift; sourceTree = "<group>"; };
		141CCAA32415679900FB69BB /* Assets.xcassets */ = {isa = PBXFileReference; lastKnownFileType = folder.assetcatalog; path = Assets.xcassets; sourceTree = "<group>"; };
		141CCAA62415679900FB69BB /* Preview Assets.xcassets */ = {isa = PBXFileReference; lastKnownFileType = folder.assetcatalog; path = "Preview Assets.xcassets"; sourceTree = "<group>"; };
		141CCAA92415679900FB69BB /* Base */ = {isa = PBXFileReference; lastKnownFileType = file.storyboard; name = Base; path = Base.lproj/LaunchScreen.storyboard; sourceTree = "<group>"; };
		141CCAAB2415679900FB69BB /* Info.plist */ = {isa = PBXFileReference; lastKnownFileType = text.plist.xml; path = Info.plist; sourceTree = "<group>"; };
		141CCAB124156CD600FB69BB /* ViewController.swift */ = {isa = PBXFileReference; lastKnownFileType = sourcecode.swift; path = ViewController.swift; sourceTree = "<group>"; };
		141CCAB624156D6500FB69BB /* Game.swift */ = {isa = PBXFileReference; fileEncoding = 4; lastKnownFileType = sourcecode.swift; path = Game.swift; sourceTree = "<group>"; };
		141CCAB824156D7000FB69BB /* FireBaseModel.swift */ = {isa = PBXFileReference; fileEncoding = 4; lastKnownFileType = sourcecode.swift; path = FireBaseModel.swift; sourceTree = "<group>"; };
		141CCABA24156D8700FB69BB /* Comment.swift */ = {isa = PBXFileReference; fileEncoding = 4; lastKnownFileType = sourcecode.swift; path = Comment.swift; sourceTree = "<group>"; };
		141CCABC24156DC500FB69BB /* GameDetailsViewController.swift */ = {isa = PBXFileReference; fileEncoding = 4; lastKnownFileType = sourcecode.swift; path = GameDetailsViewController.swift; sourceTree = "<group>"; };
		141CCABE24156DD000FB69BB /* GameTableViewController.swift */ = {isa = PBXFileReference; fileEncoding = 4; lastKnownFileType = sourcecode.swift; path = GameTableViewController.swift; sourceTree = "<group>"; };
		141CCAC024156DD500FB69BB /* NewGameViewController.swift */ = {isa = PBXFileReference; fileEncoding = 4; lastKnownFileType = sourcecode.swift; path = NewGameViewController.swift; sourceTree = "<group>"; };
		141CCAC224156DEA00FB69BB /* EditGameViewController.swift */ = {isa = PBXFileReference; fileEncoding = 4; lastKnownFileType = sourcecode.swift; path = EditGameViewController.swift; sourceTree = "<group>"; };
		141CCAC424156DF300FB69BB /* SearchGameViewController.swift */ = {isa = PBXFileReference; fileEncoding = 4; lastKnownFileType = sourcecode.swift; path = SearchGameViewController.swift; sourceTree = "<group>"; };
		141CCAC624156E7000FB69BB /* GameRowCell.swift */ = {isa = PBXFileReference; fileEncoding = 4; lastKnownFileType = sourcecode.swift; path = GameRowCell.swift; sourceTree = "<group>"; };
		141CCAC824156E7900FB69BB /* CommentRowCell.swift */ = {isa = PBXFileReference; fileEncoding = 4; lastKnownFileType = sourcecode.swift; path = CommentRowCell.swift; sourceTree = "<group>"; };
		141CCAEF24197DA600FB69BB /* Main.storyboard */ = {isa = PBXFileReference; lastKnownFileType = file.storyboard; path = Main.storyboard; sourceTree = "<group>"; };
		14D775802419811500B2654A /* GoogleService-Info.plist */ = {isa = PBXFileReference; fileEncoding = 4; lastKnownFileType = text.plist.xml; path = "GoogleService-Info.plist"; sourceTree = "<group>"; };
		1502E101A6FC478DDD54F84B /* Pods-GG.release.xcconfig */ = {isa = PBXFileReference; includeInIndex = 1; lastKnownFileType = text.xcconfig; name = "Pods-GG.release.xcconfig"; path = "Target Support Files/Pods-GG/Pods-GG.release.xcconfig"; sourceTree = "<group>"; };
		47DA9D5D2997F8E45D57AC49 /* Pods-GG.debug.xcconfig */ = {isa = PBXFileReference; includeInIndex = 1; lastKnownFileType = text.xcconfig; name = "Pods-GG.debug.xcconfig"; path = "Target Support Files/Pods-GG/Pods-GG.debug.xcconfig"; sourceTree = "<group>"; };
		BFD66DFB06AB5B0DB9DD65E8 /* Pods_GG.framework */ = {isa = PBXFileReference; explicitFileType = wrapper.framework; includeInIndex = 0; path = Pods_GG.framework; sourceTree = BUILT_PRODUCTS_DIR; };
/* End PBXFileReference section */

/* Begin PBXFrameworksBuildPhase section */
		141CCA972415679700FB69BB /* Frameworks */ = {
			isa = PBXFrameworksBuildPhase;
			buildActionMask = 2147483647;
			files = (
				6193BF0E5A2A3C2F7FF804F6 /* Pods_GG.framework in Frameworks */,
			);
			runOnlyForDeploymentPostprocessing = 0;
		};
/* End PBXFrameworksBuildPhase section */

/* Begin PBXGroup section */
		03B3EA71B6D608A664547709 /* Pods */ = {
			isa = PBXGroup;
			children = (
				47DA9D5D2997F8E45D57AC49 /* Pods-GG.debug.xcconfig */,
				1502E101A6FC478DDD54F84B /* Pods-GG.release.xcconfig */,
			);
			path = Pods;
			sourceTree = "<group>";
		};
		141CCA912415679700FB69BB = {
			isa = PBXGroup;
			children = (
				141CCA9C2415679700FB69BB /* GG */,
				141CCA9B2415679700FB69BB /* Products */,
				03B3EA71B6D608A664547709 /* Pods */,
				4C56BC943D2ABB1F9EC524FF /* Frameworks */,
			);
			sourceTree = "<group>";
		};
		141CCA9B2415679700FB69BB /* Products */ = {
			isa = PBXGroup;
			children = (
				141CCA9A2415679700FB69BB /* GG.app */,
			);
			name = Products;
			sourceTree = "<group>";
		};
		141CCA9C2415679700FB69BB /* GG */ = {
			isa = PBXGroup;
			children = (
				14D775802419811500B2654A /* GoogleService-Info.plist */,
				141CCAB524156D5000FB69BB /* Models */,
				141CCAB424156D3F00FB69BB /* Controllers */,
				141CCAB324156D1C00FB69BB /* Views */,
				141CCA9D2415679700FB69BB /* AppDelegate.swift */,
				141CCAB124156CD600FB69BB /* ViewController.swift */,
				141CCAA32415679900FB69BB /* Assets.xcassets */,
				141CCAA82415679900FB69BB /* LaunchScreen.storyboard */,
				141CCAAB2415679900FB69BB /* Info.plist */,
				141CCAA52415679900FB69BB /* Preview Content */,
				141CCAEF24197DA600FB69BB /* Main.storyboard */,
			);
			path = GG;
			sourceTree = "<group>";
		};
		141CCAA52415679900FB69BB /* Preview Content */ = {
			isa = PBXGroup;
			children = (
				141CCAA62415679900FB69BB /* Preview Assets.xcassets */,
			);
			path = "Preview Content";
			sourceTree = "<group>";
		};
		141CCAB324156D1C00FB69BB /* Views */ = {
			isa = PBXGroup;
			children = (
				141CCAC824156E7900FB69BB /* CommentRowCell.swift */,
				141CCAC624156E7000FB69BB /* GameRowCell.swift */,
			);
			path = Views;
			sourceTree = "<group>";
		};
		141CCAB424156D3F00FB69BB /* Controllers */ = {
			isa = PBXGroup;
			children = (
				141CCAC424156DF300FB69BB /* SearchGameViewController.swift */,
				141CCAC024156DD500FB69BB /* NewGameViewController.swift */,
				141CCAC224156DEA00FB69BB /* EditGameViewController.swift */,
				141CCABE24156DD000FB69BB /* GameTableViewController.swift */,
				141CCABC24156DC500FB69BB /* GameDetailsViewController.swift */,
			);
			path = Controllers;
			sourceTree = "<group>";
		};
		141CCAB524156D5000FB69BB /* Models */ = {
			isa = PBXGroup;
			children = (
				141CCAB624156D6500FB69BB /* Game.swift */,
				141CCAB824156D7000FB69BB /* FireBaseModel.swift */,
				141CCABA24156D8700FB69BB /* Comment.swift */,
			);
			path = Models;
			sourceTree = "<group>";
		};
		4C56BC943D2ABB1F9EC524FF /* Frameworks */ = {
			isa = PBXGroup;
			children = (
				BFD66DFB06AB5B0DB9DD65E8 /* Pods_GG.framework */,
			);
			name = Frameworks;
			sourceTree = "<group>";
		};
/* End PBXGroup section */

/* Begin PBXNativeTarget section */
		141CCA992415679700FB69BB /* GG */ = {
			isa = PBXNativeTarget;
			buildConfigurationList = 141CCAAE2415679900FB69BB /* Build configuration list for PBXNativeTarget "GG" */;
			buildPhases = (
				170B7BDFEE18C19D72514625 /* [CP] Check Pods Manifest.lock */,
				141CCA962415679700FB69BB /* Sources */,
				141CCA972415679700FB69BB /* Frameworks */,
				141CCA982415679700FB69BB /* Resources */,
				F88A00ABB9E970D5FC01A0D4 /* [CP] Embed Pods Frameworks */,
			);
			buildRules = (
			);
			dependencies = (
			);
			name = GG;
			productName = GG;
			productReference = 141CCA9A2415679700FB69BB /* GG.app */;
			productType = "com.apple.product-type.application";
		};
/* End PBXNativeTarget section */

/* Begin PBXProject section */
		141CCA922415679700FB69BB /* Project object */ = {
			isa = PBXProject;
			attributes = {
				LastSwiftUpdateCheck = 1130;
				LastUpgradeCheck = 1130;
				ORGANIZATIONNAME = "Ayala & Assaf";
				TargetAttributes = {
					141CCA992415679700FB69BB = {
						CreatedOnToolsVersion = 11.3.1;
					};
				};
			};
			buildConfigurationList = 141CCA952415679700FB69BB /* Build configuration list for PBXProject "GG" */;
			compatibilityVersion = "Xcode 9.3";
			developmentRegion = en;
			hasScannedForEncodings = 0;
			knownRegions = (
				en,
				Base,
			);
			mainGroup = 141CCA912415679700FB69BB;
			productRefGroup = 141CCA9B2415679700FB69BB /* Products */;
			projectDirPath = "";
			projectRoot = "";
			targets = (
				141CCA992415679700FB69BB /* GG */,
			);
		};
/* End PBXProject section */

/* Begin PBXResourcesBuildPhase section */
		141CCA982415679700FB69BB /* Resources */ = {
			isa = PBXResourcesBuildPhase;
			buildActionMask = 2147483647;
			files = (
				141CCAAA2415679900FB69BB /* LaunchScreen.storyboard in Resources */,
				141CCAF024197DA600FB69BB /* Main.storyboard in Resources */,
				14D775812419811500B2654A /* GoogleService-Info.plist in Resources */,
				141CCAA72415679900FB69BB /* Preview Assets.xcassets in Resources */,
				141CCAA42415679900FB69BB /* Assets.xcassets in Resources */,
			);
			runOnlyForDeploymentPostprocessing = 0;
		};
/* End PBXResourcesBuildPhase section */

/* Begin PBXShellScriptBuildPhase section */
		170B7BDFEE18C19D72514625 /* [CP] Check Pods Manifest.lock */ = {
			isa = PBXShellScriptBuildPhase;
			buildActionMask = 2147483647;
			files = (
			);
			inputFileListPaths = (
			);
			inputPaths = (
				"${PODS_PODFILE_DIR_PATH}/Podfile.lock",
				"${PODS_ROOT}/Manifest.lock",
			);
			name = "[CP] Check Pods Manifest.lock";
			outputFileListPaths = (
			);
			outputPaths = (
				"$(DERIVED_FILE_DIR)/Pods-GG-checkManifestLockResult.txt",
			);
			runOnlyForDeploymentPostprocessing = 0;
			shellPath = /bin/sh;
			shellScript = "diff \"${PODS_PODFILE_DIR_PATH}/Podfile.lock\" \"${PODS_ROOT}/Manifest.lock\" > /dev/null\nif [ $? != 0 ] ; then\n    # print error to STDERR\n    echo \"error: The sandbox is not in sync with the Podfile.lock. Run 'pod install' or update your CocoaPods installation.\" >&2\n    exit 1\nfi\n# This output is used by Xcode 'outputs' to avoid re-running this script phase.\necho \"SUCCESS\" > \"${SCRIPT_OUTPUT_FILE_0}\"\n";
			showEnvVarsInLog = 0;
		};
		F88A00ABB9E970D5FC01A0D4 /* [CP] Embed Pods Frameworks */ = {
			isa = PBXShellScriptBuildPhase;
			buildActionMask = 2147483647;
			files = (
			);
			inputFileListPaths = (
				"${PODS_ROOT}/Target Support Files/Pods-GG/Pods-GG-frameworks-${CONFIGURATION}-input-files.xcfilelist",
			);
			name = "[CP] Embed Pods Frameworks";
			outputFileListPaths = (
				"${PODS_ROOT}/Target Support Files/Pods-GG/Pods-GG-frameworks-${CONFIGURATION}-output-files.xcfilelist",
			);
			runOnlyForDeploymentPostprocessing = 0;
			shellPath = /bin/sh;
			shellScript = "\"${PODS_ROOT}/Target Support Files/Pods-GG/Pods-GG-frameworks.sh\"\n";
			showEnvVarsInLog = 0;
		};
/* End PBXShellScriptBuildPhase section */

/* Begin PBXSourcesBuildPhase section */
		141CCA962415679700FB69BB /* Sources */ = {
			isa = PBXSourcesBuildPhase;
			buildActionMask = 2147483647;
			files = (
				141CCA9E2415679700FB69BB /* AppDelegate.swift in Sources */,
				141CCABD24156DC500FB69BB /* GameDetailsViewController.swift in Sources */,
				141CCAB724156D6500FB69BB /* Game.swift in Sources */,
				141CCABF24156DD000FB69BB /* GameTableViewController.swift in Sources */,
				141CCAC924156E7900FB69BB /* CommentRowCell.swift in Sources */,
				141CCAB924156D7000FB69BB /* FireBaseModel.swift in Sources */,
				141CCAC724156E7000FB69BB /* GameRowCell.swift in Sources */,
				141CCABB24156D8700FB69BB /* Comment.swift in Sources */,
				141CCAC124156DD500FB69BB /* NewGameViewController.swift in Sources */,
				141CCAC524156DF300FB69BB /* SearchGameViewController.swift in Sources */,
				141CCAB224156CD600FB69BB /* ViewController.swift in Sources */,
				141CCAC324156DEA00FB69BB /* EditGameViewController.swift in Sources */,
			);
			runOnlyForDeploymentPostprocessing = 0;
		};
/* End PBXSourcesBuildPhase section */

/* Begin PBXVariantGroup section */
		141CCAA82415679900FB69BB /* LaunchScreen.storyboard */ = {
			isa = PBXVariantGroup;
			children = (
				141CCAA92415679900FB69BB /* Base */,
			);
			name = LaunchScreen.storyboard;
			sourceTree = "<group>";
		};
/* End PBXVariantGroup section */

/* Begin XCBuildConfiguration section */
		141CCAAC2415679900FB69BB /* Debug */ = {
			isa = XCBuildConfiguration;
			buildSettings = {
				ALWAYS_SEARCH_USER_PATHS = NO;
				CLANG_ANALYZER_NONNULL = YES;
				CLANG_ANALYZER_NUMBER_OBJECT_CONVERSION = YES_AGGRESSIVE;
				CLANG_CXX_LANGUAGE_STANDARD = "gnu++14";
				CLANG_CXX_LIBRARY = "libc++";
				CLANG_ENABLE_MODULES = YES;
				CLANG_ENABLE_OBJC_ARC = YES;
				CLANG_ENABLE_OBJC_WEAK = YES;
				CLANG_WARN_BLOCK_CAPTURE_AUTORELEASING = YES;
				CLANG_WARN_BOOL_CONVERSION = YES;
				CLANG_WARN_COMMA = YES;
				CLANG_WARN_CONSTANT_CONVERSION = YES;
				CLANG_WARN_DEPRECATED_OBJC_IMPLEMENTATIONS = YES;
				CLANG_WARN_DIRECT_OBJC_ISA_USAGE = YES_ERROR;
				CLANG_WARN_DOCUMENTATION_COMMENTS = YES;
				CLANG_WARN_EMPTY_BODY = YES;
				CLANG_WARN_ENUM_CONVERSION = YES;
				CLANG_WARN_INFINITE_RECURSION = YES;
				CLANG_WARN_INT_CONVERSION = YES;
				CLANG_WARN_NON_LITERAL_NULL_CONVERSION = YES;
				CLANG_WARN_OBJC_IMPLICIT_RETAIN_SELF = YES;
				CLANG_WARN_OBJC_LITERAL_CONVERSION = YES;
				CLANG_WARN_OBJC_ROOT_CLASS = YES_ERROR;
				CLANG_WARN_RANGE_LOOP_ANALYSIS = YES;
				CLANG_WARN_STRICT_PROTOTYPES = YES;
				CLANG_WARN_SUSPICIOUS_MOVE = YES;
				CLANG_WARN_UNGUARDED_AVAILABILITY = YES_AGGRESSIVE;
				CLANG_WARN_UNREACHABLE_CODE = YES;
				CLANG_WARN__DUPLICATE_METHOD_MATCH = YES;
				COPY_PHASE_STRIP = NO;
				DEBUG_INFORMATION_FORMAT = dwarf;
				ENABLE_STRICT_OBJC_MSGSEND = YES;
				ENABLE_TESTABILITY = YES;
				GCC_C_LANGUAGE_STANDARD = gnu11;
				GCC_DYNAMIC_NO_PIC = NO;
				GCC_NO_COMMON_BLOCKS = YES;
				GCC_OPTIMIZATION_LEVEL = 0;
				GCC_PREPROCESSOR_DEFINITIONS = (
					"DEBUG=1",
					"$(inherited)",
				);
				GCC_WARN_64_TO_32_BIT_CONVERSION = YES;
				GCC_WARN_ABOUT_RETURN_TYPE = YES_ERROR;
				GCC_WARN_UNDECLARED_SELECTOR = YES;
				GCC_WARN_UNINITIALIZED_AUTOS = YES_AGGRESSIVE;
				GCC_WARN_UNUSED_FUNCTION = YES;
				GCC_WARN_UNUSED_VARIABLE = YES;
				IPHONEOS_DEPLOYMENT_TARGET = 13.2;
				MTL_ENABLE_DEBUG_INFO = INCLUDE_SOURCE;
				MTL_FAST_MATH = YES;
				ONLY_ACTIVE_ARCH = YES;
				SDKROOT = iphoneos;
				SWIFT_ACTIVE_COMPILATION_CONDITIONS = DEBUG;
				SWIFT_OPTIMIZATION_LEVEL = "-Onone";
			};
			name = Debug;
		};
		141CCAAD2415679900FB69BB /* Release */ = {
			isa = XCBuildConfiguration;
			buildSettings = {
				ALWAYS_SEARCH_USER_PATHS = NO;
				CLANG_ANALYZER_NONNULL = YES;
				CLANG_ANALYZER_NUMBER_OBJECT_CONVERSION = YES_AGGRESSIVE;
				CLANG_CXX_LANGUAGE_STANDARD = "gnu++14";
				CLANG_CXX_LIBRARY = "libc++";
				CLANG_ENABLE_MODULES = YES;
				CLANG_ENABLE_OBJC_ARC = YES;
				CLANG_ENABLE_OBJC_WEAK = YES;
				CLANG_WARN_BLOCK_CAPTURE_AUTORELEASING = YES;
				CLANG_WARN_BOOL_CONVERSION = YES;
				CLANG_WARN_COMMA = YES;
				CLANG_WARN_CONSTANT_CONVERSION = YES;
				CLANG_WARN_DEPRECATED_OBJC_IMPLEMENTATIONS = YES;
				CLANG_WARN_DIRECT_OBJC_ISA_USAGE = YES_ERROR;
				CLANG_WARN_DOCUMENTATION_COMMENTS = YES;
				CLANG_WARN_EMPTY_BODY = YES;
				CLANG_WARN_ENUM_CONVERSION = YES;
				CLANG_WARN_INFINITE_RECURSION = YES;
				CLANG_WARN_INT_CONVERSION = YES;
				CLANG_WARN_NON_LITERAL_NULL_CONVERSION = YES;
				CLANG_WARN_OBJC_IMPLICIT_RETAIN_SELF = YES;
				CLANG_WARN_OBJC_LITERAL_CONVERSION = YES;
				CLANG_WARN_OBJC_ROOT_CLASS = YES_ERROR;
				CLANG_WARN_RANGE_LOOP_ANALYSIS = YES;
				CLANG_WARN_STRICT_PROTOTYPES = YES;
				CLANG_WARN_SUSPICIOUS_MOVE = YES;
				CLANG_WARN_UNGUARDED_AVAILABILITY = YES_AGGRESSIVE;
				CLANG_WARN_UNREACHABLE_CODE = YES;
				CLANG_WARN__DUPLICATE_METHOD_MATCH = YES;
				COPY_PHASE_STRIP = NO;
				DEBUG_INFORMATION_FORMAT = "dwarf-with-dsym";
				ENABLE_NS_ASSERTIONS = NO;
				ENABLE_STRICT_OBJC_MSGSEND = YES;
				GCC_C_LANGUAGE_STANDARD = gnu11;
				GCC_NO_COMMON_BLOCKS = YES;
				GCC_WARN_64_TO_32_BIT_CONVERSION = YES;
				GCC_WARN_ABOUT_RETURN_TYPE = YES_ERROR;
				GCC_WARN_UNDECLARED_SELECTOR = YES;
				GCC_WARN_UNINITIALIZED_AUTOS = YES_AGGRESSIVE;
				GCC_WARN_UNUSED_FUNCTION = YES;
				GCC_WARN_UNUSED_VARIABLE = YES;
				IPHONEOS_DEPLOYMENT_TARGET = 13.2;
				MTL_ENABLE_DEBUG_INFO = NO;
				MTL_FAST_MATH = YES;
				SDKROOT = iphoneos;
				SWIFT_COMPILATION_MODE = wholemodule;
				SWIFT_OPTIMIZATION_LEVEL = "-O";
				VALIDATE_PRODUCT = YES;
			};
			name = Release;
		};
		141CCAAF2415679900FB69BB /* Debug */ = {
			isa = XCBuildConfiguration;
			baseConfigurationReference = 47DA9D5D2997F8E45D57AC49 /* Pods-GG.debug.xcconfig */;
			buildSettings = {
				ASSETCATALOG_COMPILER_APPICON_NAME = AppIcon;
				CODE_SIGN_STYLE = Automatic;
				DEVELOPMENT_ASSET_PATHS = "\"GG/Preview Content\"";
				DEVELOPMENT_TEAM = "";
				ENABLE_PREVIEWS = YES;
				GCC_NO_COMMON_BLOCKS = YES;
				INFOPLIST_FILE = GG/Info.plist;
				IPHONEOS_DEPLOYMENT_TARGET = 13.2;
				LD_RUNPATH_SEARCH_PATHS = (
					"$(inherited)",
					"@executable_path/Frameworks",
				);
				OTHER_LDFLAGS = "$(inherited)  ";
				PRODUCT_BUNDLE_IDENTIFIER = GG.GG;
				PRODUCT_NAME = "$(TARGET_NAME)";
				SWIFT_VERSION = 5.0;
				TARGETED_DEVICE_FAMILY = "1,2";
			};
			name = Debug;
		};
		141CCAB02415679900FB69BB /* Release */ = {
			isa = XCBuildConfiguration;
			baseConfigurationReference = 1502E101A6FC478DDD54F84B /* Pods-GG.release.xcconfig */;
			buildSettings = {
				ASSETCATALOG_COMPILER_APPICON_NAME = AppIcon;
				CODE_SIGN_STYLE = Automatic;
				DEVELOPMENT_ASSET_PATHS = "\"GG/Preview Content\"";
				DEVELOPMENT_TEAM = "";
				ENABLE_PREVIEWS = YES;
				GCC_NO_COMMON_BLOCKS = YES;
				INFOPLIST_FILE = GG/Info.plist;
				IPHONEOS_DEPLOYMENT_TARGET = 13.2;
				LD_RUNPATH_SEARCH_PATHS = (
					"$(inherited)",
					"@executable_path/Frameworks",
				);
				OTHER_LDFLAGS = "$(inherited)  ";
				PRODUCT_BUNDLE_IDENTIFIER = GG.GG;
				PRODUCT_NAME = "$(TARGET_NAME)";
				SWIFT_VERSION = 5.0;
				TARGETED_DEVICE_FAMILY = "1,2";
			};
			name = Release;
		};
/* End XCBuildConfiguration section */

/* Begin XCConfigurationList section */
		141CCA952415679700FB69BB /* Build configuration list for PBXProject "GG" */ = {
			isa = XCConfigurationList;
			buildConfigurations = (
				141CCAAC2415679900FB69BB /* Debug */,
				141CCAAD2415679900FB69BB /* Release */,
			);
			defaultConfigurationIsVisible = 0;
			defaultConfigurationName = Release;
		};
		141CCAAE2415679900FB69BB /* Build configuration list for PBXNativeTarget "GG" */ = {
			isa = XCConfigurationList;
			buildConfigurations = (
				141CCAAF2415679900FB69BB /* Debug */,
				141CCAB02415679900FB69BB /* Release */,
			);
			defaultConfigurationIsVisible = 0;
			defaultConfigurationName = Release;
		};
/* End XCConfigurationList section */
	};
	rootObject = 141CCA922415679700FB69BB /* Project object */;
}
